
Microsoft Visual Studio Solution File, Format Version 12.00
# Visual Studio Version 17
VisualStudioVersion = 17.2.32616.157
MinimumVisualStudioVersion = 10.0.40219.1
Project("{FAE04EC0-301F-11D3-BF4B-00C04F79EFBC}") = "JoiningDataLab", "JoiningDataLab\JoiningDataLab.csproj", "{BCFBB1D0-D5AE-4B6A-80BC-B5994312742D}"
EndProject
Global
	GlobalSection(SolutionConfigurationPlatforms) = preSolution
		Debug|Any CPU = Debug|Any CPU
		Release|Any CPU = Release|Any CPU
	EndGlobalSection
	GlobalSection(ProjectConfigurationPlatforms) = postSolution
		{BCFBB1D0-D5AE-4B6A-80BC-B5994312742D}.Debug|Any CPU.ActiveCfg = Debug|Any CPU
		{BCFBB1D0-D5AE-4B6A-80BC-B5994312742D}.Debug|Any CPU.Build.0 = Debug|Any CPU
		{BCFBB1D0-D5AE-4B6A-80BC-B5994312742D}.Release|Any CPU.ActiveCfg = Release|Any CPU
		{BCFBB1D0-D5AE-4B6A-80BC-B5994312742D}.Release|Any CPU.Build.0 = Release|Any CPU
	EndGlobalSection
	GlobalSection(SolutionProperties) = preSolution
		HideSolutionNode = FALSE
	EndGlobalSection
	GlobalSection(ExtensibilityGlobals) = postSolution
		SolutionGuid = {61E0FF2E-FBA0-40E7-A88D-19885F050011}
	EndGlobalSection
EndGlobal
